
Microsoft Visual Studio Solution File, Format Version 12.00
# Visual Studio 15
VisualStudioVersion = 15.0.27130.2024
MinimumVisualStudioVersion = 10.0.40219.1
Project("{2150E333-8FDC-42A3-9474-1A3956D46DE8}") = "Project", "Project", "{C301832B-F619-4DA4-AC70-08532B81138B}"
EndProject
Project("{2150E333-8FDC-42A3-9474-1A3956D46DE8}") = "Feature", "Feature", "{56951DAA-7F66-43F7-89A8-07EA9FA22E11}"
EndProject
Project("{2150E333-8FDC-42A3-9474-1A3956D46DE8}") = "Foundation", "Foundation", "{9F7D8468-6DD6-44B9-BBB1-4510F947BBF3}"
EndProject
Project("{2150E333-8FDC-42A3-9474-1A3956D46DE8}") = "GrandfathersApiary", "GrandfathersApiary", "{E4665D6B-F7D6-44FD-8473-5F2495374B12}"
EndProject
Project("{2150E333-8FDC-42A3-9474-1A3956D46DE8}") = "Serialization", "Serialization", "{4F0F5060-B279-4C56-A54C-6FD12572D4C1}"
EndProject
Project("{2150E333-8FDC-42A3-9474-1A3956D46DE8}") = "Navigation", "Navigation", "{5CD246A1-DB3B-4F14-B838-F6D0513953FC}"
EndProject
Project("{2150E333-8FDC-42A3-9474-1A3956D46DE8}") = "Configuration", "Configuration", "{1E6DCFBE-A937-4519-909F-140F682A98E3}"
	ProjectSection(SolutionItems) = preProject
		.gitattributes = .gitattributes
		.gitignore = .gitignore
		build.bat = build.bat
		build.fsx = build.fsx
		main.pubxml = main.pubxml
	EndProjectSection
EndProject
Project("{FAE04EC0-301F-11D3-BF4B-00C04F79EFBC}") = "GrandfathersApiary.Website", "src\Project\GrandfathersApiary\code\GrandfathersApiary.Website.csproj", "{4E54A211-A81A-4EAB-BB95-D2ECBDDE8D2E}"
EndProject
Project("{FAE04EC0-301F-11D3-BF4B-00C04F79EFBC}") = "GrandfathersApiary.Foundation.Serialization", "src\Foundation\Serialization\code\GrandfathersApiary.Foundation.Serialization.csproj", "{F8E84CE1-0168-4DE4-AE83-0361298EFFA2}"
EndProject
Project("{FAE04EC0-301F-11D3-BF4B-00C04F79EFBC}") = "GrandfathersApiary.Feature.Navigation", "src\Feature\Navigation\code\GrandfathersApiary.Feature.Navigation.csproj", "{3773FDE1-36DC-4A2C-98BD-391547A6C6AE}"
EndProject
Project("{2150E333-8FDC-42A3-9474-1A3956D46DE8}") = "Metadata", "Metadata", "{F7FC9E2E-9465-4433-8E40-E9C15CABBA65}"
EndProject
Project("{FAE04EC0-301F-11D3-BF4B-00C04F79EFBC}") = "GrandfathersApiary.Feature.Metadata", "src\Feature\Metadata\code\GrandfathersApiary.Feature.Metadata.csproj", "{8A949E8E-38B1-4070-B491-4D71E2D044AB}"
EndProject
Project("{2150E333-8FDC-42A3-9474-1A3956D46DE8}") = "RichText", "RichText", "{2343F35E-3B45-490E-8798-E11F1365C7E0}"
EndProject
Project("{FAE04EC0-301F-11D3-BF4B-00C04F79EFBC}") = "GrandfathersApiary.Feature.RichText", "src\Feature\RichText\code\GrandfathersApiary.Feature.RichText.csproj", "{D652E72B-355A-45C8-8DB3-BA208A5FA31C}"
EndProject
Project("{2150E333-8FDC-42A3-9474-1A3956D46DE8}") = "ImageCarousel", "ImageCarousel", "{A0790584-4004-4EE2-B414-2C5CB9F1A5A8}"
EndProject
Project("{FAE04EC0-301F-11D3-BF4B-00C04F79EFBC}") = "GrandfathersApiary.Feature.ImageCarousel", "src\Feature\ImageCarousel\code\GrandfathersApiary.Feature.ImageCarousel.csproj", "{BBBCAFAA-C5E5-470D-B7F1-2FF2D4BEE3F3}"
EndProject
Global
	GlobalSection(SolutionConfigurationPlatforms) = preSolution
		Debug|Any CPU = Debug|Any CPU
		Release|Any CPU = Release|Any CPU
	EndGlobalSection
	GlobalSection(ProjectConfigurationPlatforms) = postSolution
		{4E54A211-A81A-4EAB-BB95-D2ECBDDE8D2E}.Debug|Any CPU.ActiveCfg = Debug|Any CPU
		{4E54A211-A81A-4EAB-BB95-D2ECBDDE8D2E}.Debug|Any CPU.Build.0 = Debug|Any CPU
		{4E54A211-A81A-4EAB-BB95-D2ECBDDE8D2E}.Release|Any CPU.ActiveCfg = Release|Any CPU
		{4E54A211-A81A-4EAB-BB95-D2ECBDDE8D2E}.Release|Any CPU.Build.0 = Release|Any CPU
		{F8E84CE1-0168-4DE4-AE83-0361298EFFA2}.Debug|Any CPU.ActiveCfg = Debug|Any CPU
		{F8E84CE1-0168-4DE4-AE83-0361298EFFA2}.Debug|Any CPU.Build.0 = Debug|Any CPU
		{F8E84CE1-0168-4DE4-AE83-0361298EFFA2}.Release|Any CPU.ActiveCfg = Release|Any CPU
		{F8E84CE1-0168-4DE4-AE83-0361298EFFA2}.Release|Any CPU.Build.0 = Release|Any CPU
		{3773FDE1-36DC-4A2C-98BD-391547A6C6AE}.Debug|Any CPU.ActiveCfg = Debug|Any CPU
		{3773FDE1-36DC-4A2C-98BD-391547A6C6AE}.Debug|Any CPU.Build.0 = Debug|Any CPU
		{3773FDE1-36DC-4A2C-98BD-391547A6C6AE}.Release|Any CPU.ActiveCfg = Release|Any CPU
		{3773FDE1-36DC-4A2C-98BD-391547A6C6AE}.Release|Any CPU.Build.0 = Release|Any CPU
		{8A949E8E-38B1-4070-B491-4D71E2D044AB}.Debug|Any CPU.ActiveCfg = Debug|Any CPU
		{8A949E8E-38B1-4070-B491-4D71E2D044AB}.Debug|Any CPU.Build.0 = Debug|Any CPU
		{8A949E8E-38B1-4070-B491-4D71E2D044AB}.Release|Any CPU.ActiveCfg = Release|Any CPU
		{8A949E8E-38B1-4070-B491-4D71E2D044AB}.Release|Any CPU.Build.0 = Release|Any CPU
		{D652E72B-355A-45C8-8DB3-BA208A5FA31C}.Debug|Any CPU.ActiveCfg = Debug|Any CPU
		{D652E72B-355A-45C8-8DB3-BA208A5FA31C}.Debug|Any CPU.Build.0 = Debug|Any CPU
		{D652E72B-355A-45C8-8DB3-BA208A5FA31C}.Release|Any CPU.ActiveCfg = Release|Any CPU
		{D652E72B-355A-45C8-8DB3-BA208A5FA31C}.Release|Any CPU.Build.0 = Release|Any CPU
		{BBBCAFAA-C5E5-470D-B7F1-2FF2D4BEE3F3}.Debug|Any CPU.ActiveCfg = Debug|Any CPU
		{BBBCAFAA-C5E5-470D-B7F1-2FF2D4BEE3F3}.Debug|Any CPU.Build.0 = Debug|Any CPU
		{BBBCAFAA-C5E5-470D-B7F1-2FF2D4BEE3F3}.Release|Any CPU.ActiveCfg = Release|Any CPU
		{BBBCAFAA-C5E5-470D-B7F1-2FF2D4BEE3F3}.Release|Any CPU.Build.0 = Release|Any CPU
	EndGlobalSection
	GlobalSection(SolutionProperties) = preSolution
		HideSolutionNode = FALSE
	EndGlobalSection
	GlobalSection(NestedProjects) = preSolution
		{E4665D6B-F7D6-44FD-8473-5F2495374B12} = {C301832B-F619-4DA4-AC70-08532B81138B}
		{4F0F5060-B279-4C56-A54C-6FD12572D4C1} = {9F7D8468-6DD6-44B9-BBB1-4510F947BBF3}
		{5CD246A1-DB3B-4F14-B838-F6D0513953FC} = {56951DAA-7F66-43F7-89A8-07EA9FA22E11}
		{4E54A211-A81A-4EAB-BB95-D2ECBDDE8D2E} = {E4665D6B-F7D6-44FD-8473-5F2495374B12}
		{F8E84CE1-0168-4DE4-AE83-0361298EFFA2} = {4F0F5060-B279-4C56-A54C-6FD12572D4C1}
		{3773FDE1-36DC-4A2C-98BD-391547A6C6AE} = {5CD246A1-DB3B-4F14-B838-F6D0513953FC}
		{F7FC9E2E-9465-4433-8E40-E9C15CABBA65} = {56951DAA-7F66-43F7-89A8-07EA9FA22E11}
		{8A949E8E-38B1-4070-B491-4D71E2D044AB} = {F7FC9E2E-9465-4433-8E40-E9C15CABBA65}
		{2343F35E-3B45-490E-8798-E11F1365C7E0} = {56951DAA-7F66-43F7-89A8-07EA9FA22E11}
		{D652E72B-355A-45C8-8DB3-BA208A5FA31C} = {2343F35E-3B45-490E-8798-E11F1365C7E0}
		{A0790584-4004-4EE2-B414-2C5CB9F1A5A8} = {56951DAA-7F66-43F7-89A8-07EA9FA22E11}
		{BBBCAFAA-C5E5-470D-B7F1-2FF2D4BEE3F3} = {A0790584-4004-4EE2-B414-2C5CB9F1A5A8}
	EndGlobalSection
	GlobalSection(ExtensibilityGlobals) = postSolution
		SolutionGuid = {B183CCEA-1861-4EC8-8C7C-7C4D5D0B0794}
	EndGlobalSection
EndGlobal
